
Microsoft Visual Studio Solution File, Format Version 12.00
# Visual Studio Version 17
VisualStudioVersion = 17.5.33530.505
MinimumVisualStudioVersion = 10.0.40219.1
Project("{FAE04EC0-301F-11D3-BF4B-00C04F79EFBC}") = "SerilogWithDotnetFrameworkApp", "SerilogWithDotnetFrameworkApp\SerilogWithDotnetFrameworkApp.csproj", "{0374BC1A-80DD-4512-AF46-EF630DEEB1BE}"
EndProject
Global
	GlobalSection(SolutionConfigurationPlatforms) = preSolution
		Debug|Any CPU = Debug|Any CPU
		Release|Any CPU = Release|Any CPU
	EndGlobalSection
	GlobalSection(ProjectConfigurationPlatforms) = postSolution
		{0374BC1A-80DD-4512-AF46-EF630DEEB1BE}.Debug|Any CPU.ActiveCfg = Debug|Any CPU
		{0374BC1A-80DD-4512-AF46-EF630DEEB1BE}.Debug|Any CPU.Build.0 = Debug|Any CPU
		{0374BC1A-80DD-4512-AF46-EF630DEEB1BE}.Release|Any CPU.ActiveCfg = Release|Any CPU
		{0374BC1A-80DD-4512-AF46-EF630DEEB1BE}.Release|Any CPU.Build.0 = Release|Any CPU
	EndGlobalSection
	GlobalSection(SolutionProperties) = preSolution
		HideSolutionNode = FALSE
	EndGlobalSection
	GlobalSection(ExtensibilityGlobals) = postSolution
		SolutionGuid = {6F3618B8-A695-4786-9B3F-5DABF51A9D04}
	EndGlobalSection
EndGlobal
